// !$*UTF8*$!
{
	archiveVersion = 1;
	classes = {
	};
	objectVersion = 46;
	objects = {

/* Begin PBXBuildFile section */
		0AD88E5C943B5903B85D2395 /* TripItemType.swift in Sources */ = {isa = PBXBuildFile; fileRef = C127397D40A7C6EDF4BF4952 /* TripItemType.swift */; };
		0D7CAD6651744934BB8C6B37 /* ExpenseReportItemType.swift in Sources */ = {isa = PBXBuildFile; fileRef = 869A19D1F3434AAF38A8372A /* ExpenseReportItemType.swift */; };
		1277F7611F8E66AF0060AF58 /* SAPLogo@2x.png in Resources */ = {isa = PBXBuildFile; fileRef = 1277F7601F8E66AC0060AF58 /* SAPLogo@2x.png */; };
		12E07EF21E96851800460A94 /* CollectionType.swift in Sources */ = {isa = PBXBuildFile; fileRef = 12E07EF11E96851800460A94 /* CollectionType.swift */; };
		12E84FE51F4ECF220061C99E /* OnboardingManager.swift in Sources */ = {isa = PBXBuildFile; fileRef = 12E84FDE1F4EBD460061C99E /* OnboardingManager.swift */; };
		1B5F26C120CF84E30073C63D /* EntityTypePickerDataSource.swift in Sources */ = {isa = PBXBuildFile; fileRef = 1B5F26C020CF84E30073C63D /* EntityTypePickerDataSource.swift */; };
		1B5F26C320CF85420073C63D /* PickableEntityType.swift in Sources */ = {isa = PBXBuildFile; fileRef = 1B5F26C220CF85420073C63D /* PickableEntityType.swift */; };
		1B5F26C620CF85C90073C63D /* PickerDataSourceImplementations.swift in Sources */ = {isa = PBXBuildFile; fileRef = 1B5F26C520CF85C90073C63D /* PickerDataSourceImplementations.swift */; };
		1B5F26CA20CF95CD0073C63D /* Main.storyboard in Resources */ = {isa = PBXBuildFile; fileRef = 1B5F26C920CF95CD0073C63D /* Main.storyboard */; };
		1B5F26D220D0D17E0073C63D /* SnapshotViewController.swift in Sources */ = {isa = PBXBuildFile; fileRef = 1B5F26D120D0D17E0073C63D /* SnapshotViewController.swift */; };
		1B5F26DB20D0F44A0073C63D /* CreateReportTableViewController.swift in Sources */ = {isa = PBXBuildFile; fileRef = 1B5F26DA20D0F44A0073C63D /* CreateReportTableViewController.swift */; };
		1B7283C22126A97200D26ADE /* IMG_0268.JPG in Resources */ = {isa = PBXBuildFile; fileRef = 1B7283C12126A97200D26ADE /* IMG_0268.JPG */; };
		1B7BFD6C20F3AEBF003EB4C5 /* UITextField.swift in Sources */ = {isa = PBXBuildFile; fileRef = 1B7BFD6B20F3AEBF003EB4C5 /* UITextField.swift */; };
		1B9D41E320D2CEA200FD84B2 /* SAPFiori.framework in Frameworks */ = {isa = PBXBuildFile; fileRef = 1B9D41DD20D2CEA100FD84B2 /* SAPFiori.framework */; };
		1B9D41E420D2CEA200FD84B2 /* SAPFiori.framework in Embed Frameworks */ = {isa = PBXBuildFile; fileRef = 1B9D41DD20D2CEA100FD84B2 /* SAPFiori.framework */; settings = {ATTRIBUTES = (CodeSignOnCopy, RemoveHeadersOnCopy, ); }; };
		1B9D41E520D2CEA200FD84B2 /* SAPFoundation.framework in Frameworks */ = {isa = PBXBuildFile; fileRef = 1B9D41DE20D2CEA100FD84B2 /* SAPFoundation.framework */; };
		1B9D41E620D2CEA200FD84B2 /* SAPFoundation.framework in Embed Frameworks */ = {isa = PBXBuildFile; fileRef = 1B9D41DE20D2CEA100FD84B2 /* SAPFoundation.framework */; settings = {ATTRIBUTES = (CodeSignOnCopy, RemoveHeadersOnCopy, ); }; };
		1B9D41E720D2CEA200FD84B2 /* SAPFioriFlows.framework in Frameworks */ = {isa = PBXBuildFile; fileRef = 1B9D41DF20D2CEA100FD84B2 /* SAPFioriFlows.framework */; };
		1B9D41E820D2CEA200FD84B2 /* SAPFioriFlows.framework in Embed Frameworks */ = {isa = PBXBuildFile; fileRef = 1B9D41DF20D2CEA100FD84B2 /* SAPFioriFlows.framework */; settings = {ATTRIBUTES = (CodeSignOnCopy, RemoveHeadersOnCopy, ); }; };
		1B9D41E920D2CEA200FD84B2 /* SAPCommon.framework in Frameworks */ = {isa = PBXBuildFile; fileRef = 1B9D41E020D2CEA100FD84B2 /* SAPCommon.framework */; };
		1B9D41EA20D2CEA200FD84B2 /* SAPCommon.framework in Embed Frameworks */ = {isa = PBXBuildFile; fileRef = 1B9D41E020D2CEA100FD84B2 /* SAPCommon.framework */; settings = {ATTRIBUTES = (CodeSignOnCopy, RemoveHeadersOnCopy, ); }; };
		1B9D41EB20D2CEA200FD84B2 /* SAPOData.framework in Frameworks */ = {isa = PBXBuildFile; fileRef = 1B9D41E120D2CEA100FD84B2 /* SAPOData.framework */; };
		1B9D41EC20D2CEA200FD84B2 /* SAPOData.framework in Embed Frameworks */ = {isa = PBXBuildFile; fileRef = 1B9D41E120D2CEA100FD84B2 /* SAPOData.framework */; settings = {ATTRIBUTES = (CodeSignOnCopy, RemoveHeadersOnCopy, ); }; };
		1B9D41ED20D2CEA200FD84B2 /* SAPOfflineOData.framework in Frameworks */ = {isa = PBXBuildFile; fileRef = 1B9D41E220D2CEA100FD84B2 /* SAPOfflineOData.framework */; };
		1B9D41EE20D2CEA200FD84B2 /* SAPOfflineOData.framework in Embed Frameworks */ = {isa = PBXBuildFile; fileRef = 1B9D41E220D2CEA100FD84B2 /* SAPOfflineOData.framework */; settings = {ATTRIBUTES = (CodeSignOnCopy, RemoveHeadersOnCopy, ); }; };
		1BA1BFA520CF833C0067F0F0 /* BaseEntityTypePickerDataSource.swift in Sources */ = {isa = PBXBuildFile; fileRef = 1BA1BFA420CF833C0067F0F0 /* BaseEntityTypePickerDataSource.swift */; };
		1BA1BFA720CF83C60067F0F0 /* Formatters.swift in Sources */ = {isa = PBXBuildFile; fileRef = 1BA1BFA620CF83C60067F0F0 /* Formatters.swift */; };
		1BC0428E20CCE18D008BF50D /* ExpenseReportItemType+Extensions.swift in Sources */ = {isa = PBXBuildFile; fileRef = 1BC0428B20CCE18D008BF50D /* ExpenseReportItemType+Extensions.swift */; };
		1BC0428F20CCE18D008BF50D /* FUIListPickerDataSource+Extensions.swift in Sources */ = {isa = PBXBuildFile; fileRef = 1BC0428C20CCE18D008BF50D /* FUIListPickerDataSource+Extensions.swift */; };
		1BC0429020CCE18D008BF50D /* ExpenseItemType+Extensions.swift in Sources */ = {isa = PBXBuildFile; fileRef = 1BC0428D20CCE18D008BF50D /* ExpenseItemType+Extensions.swift */; };
		1BC0429B20CCE290008BF50D /* ExpensesTableViewController.swift in Sources */ = {isa = PBXBuildFile; fileRef = 1BC0429220CCE28F008BF50D /* ExpensesTableViewController.swift */; };
		1BC0429C20CCE290008BF50D /* EditExpenseTableViewController.swift in Sources */ = {isa = PBXBuildFile; fileRef = 1BC0429320CCE28F008BF50D /* EditExpenseTableViewController.swift */; };
		1BC0429D20CCE290008BF50D /* ExpenseDetailTableViewController.swift in Sources */ = {isa = PBXBuildFile; fileRef = 1BC0429420CCE28F008BF50D /* ExpenseDetailTableViewController.swift */; };
		1BC0429E20CCE290008BF50D /* ReportDetailsTableViewController.swift in Sources */ = {isa = PBXBuildFile; fileRef = 1BC0429520CCE28F008BF50D /* ReportDetailsTableViewController.swift */; };
		1BC042A020CCE290008BF50D /* TripsTableViewController.swift in Sources */ = {isa = PBXBuildFile; fileRef = 1BC0429720CCE28F008BF50D /* TripsTableViewController.swift */; };
		1BC042A120CCE290008BF50D /* FioriBaseTableViewController.swift in Sources */ = {isa = PBXBuildFile; fileRef = 1BC0429820CCE28F008BF50D /* FioriBaseTableViewController.swift */; };
		1BC042A220CCE290008BF50D /* CreateExpenseTableViewController.swift in Sources */ = {isa = PBXBuildFile; fileRef = 1BC0429920CCE28F008BF50D /* CreateExpenseTableViewController.swift */; };
		1BC042A320CCE290008BF50D /* ReportsTableViewController.swift in Sources */ = {isa = PBXBuildFile; fileRef = 1BC0429A20CCE290008BF50D /* ReportsTableViewController.swift */; };
		1BC042A920CCEDF6008BF50D /* DataHandler.swift in Sources */ = {isa = PBXBuildFile; fileRef = 1BC042A820CCEDF6008BF50D /* DataHandler.swift */; };
		1BE3BD0D20F4ED3700051AA9 /* Palette.nss in Resources */ = {isa = PBXBuildFile; fileRef = 1BE3BD0C20F4ED3700051AA9 /* Palette.nss */; };
		25D82E417FAE59DC7E2D3409 /* TravelexpenseMetadataChanges.swift in Sources */ = {isa = PBXBuildFile; fileRef = 83F0E89819B7E84A7A8728C1 /* TravelexpenseMetadataChanges.swift */; };
		374A059D97E1D6599D4BEEEC /* TravelexpenseMetadataParser.swift in Sources */ = {isa = PBXBuildFile; fileRef = 2B82895CB9689A78C6E95FF7 /* TravelexpenseMetadataParser.swift */; };
		47417C53AAE29967B55684A6 /* TravelexpenseMetadataText.swift in Sources */ = {isa = PBXBuildFile; fileRef = 3C725A02B23CC11FC74C5E08 /* TravelexpenseMetadataText.swift */; };
		666D56B2714F06BEFC64FC8B /* ExpenseType.swift in Sources */ = {isa = PBXBuildFile; fileRef = FA1EB4170B4F5FC835970650 /* ExpenseType.swift */; };
		687E3150709C9A7729BA425B /* TravelexpenseFactory.swift in Sources */ = {isa = PBXBuildFile; fileRef = E513FE41D8B0CBE362550A1B /* TravelexpenseFactory.swift */; };
		6C9CD0EE2150ED8C00FAF1D9 /* ImageHandler.swift in Sources */ = {isa = PBXBuildFile; fileRef = 6C9CD0ED2150ED8C00FAF1D9 /* ImageHandler.swift */; };
		6C9CD0F02150EDBD00FAF1D9 /* ExpenseItemAttachmentType.swift in Sources */ = {isa = PBXBuildFile; fileRef = 6C9CD0EF2150EDBD00FAF1D9 /* ExpenseItemAttachmentType.swift */; };
		7A1315B91D4B982000A5DA56 /* AppDelegate.swift in Sources */ = {isa = PBXBuildFile; fileRef = 7A1315B81D4B982000A5DA56 /* AppDelegate.swift */; };
		7A1315C21D4B982000A5DA56 /* Assets.xcassets in Resources */ = {isa = PBXBuildFile; fileRef = 7A1315C11D4B982000A5DA56 /* Assets.xcassets */; };
		7A1315C51D4B982000A5DA56 /* LaunchScreen.storyboard in Resources */ = {isa = PBXBuildFile; fileRef = 7A1315C31D4B982000A5DA56 /* LaunchScreen.storyboard */; };
		7A16F06D1FD1B3C700D2FABD /* README.md in Resources */ = {isa = PBXBuildFile; fileRef = 7A16F06C1FD1B3C700D2FABD /* README.md */; };
		7A9F6FF61F3883D3000A1815 /* SAPFioriLoadingIndicator.swift in Sources */ = {isa = PBXBuildFile; fileRef = 7A9F6FF51F3883D3000A1815 /* SAPFioriLoadingIndicator.swift */; };
		8B04F1EAF531B0D1F3A65B50 /* Travelexpense.swift in Sources */ = {isa = PBXBuildFile; fileRef = B69D37CC93C2761E0CAB3272 /* Travelexpense.swift */; };
		9F05F5DCB5951707AB05A08C /* TravelexpenseStaticResolver.swift in Sources */ = {isa = PBXBuildFile; fileRef = 3BDDDC45B59B840DAE7A3C04 /* TravelexpenseStaticResolver.swift */; };
		A0371CF9C391016F87420544 /* PaymentType.swift in Sources */ = {isa = PBXBuildFile; fileRef = CE8F09A0CCE359165FE3BFE6 /* PaymentType.swift */; };
		A0597DD7F3A7EAE1C15C7382 /* ReportStatusType.swift in Sources */ = {isa = PBXBuildFile; fileRef = 7578E28D2951A6D8AFF3DF4A /* ReportStatusType.swift */; };
		A7AC537B7D3C78D3594EB2C8 /* CurrencyType.swift in Sources */ = {isa = PBXBuildFile; fileRef = D80DFA28E2B68D2584F87150 /* CurrencyType.swift */; };
		AF78026930AD2C21D34BD3A1 /* TravelexpenseMetadata.swift in Sources */ = {isa = PBXBuildFile; fileRef = E49380AAB313739E1C7F880B /* TravelexpenseMetadata.swift */; };
		D1C15A4E56473D7E033ACB43 /* ReservationItemType.swift in Sources */ = {isa = PBXBuildFile; fileRef = AD0B3B91B5C50A737FD4EAE1 /* ReservationItemType.swift */; };
		DDA3F7855166C57322E1A76B /* ExpenseItemType.swift in Sources */ = {isa = PBXBuildFile; fileRef = 9E8A04CF78A20FB4F009327A /* ExpenseItemType.swift */; };
		F65F42096B9E48596EB9E16F /* ReservationType.swift in Sources */ = {isa = PBXBuildFile; fileRef = 8130C03F088017CA453AD2A2 /* ReservationType.swift */; };
/* End PBXBuildFile section */

/* Begin PBXCopyFilesBuildPhase section */
		1B9D41EF20D2CEA200FD84B2 /* Embed Frameworks */ = {
			isa = PBXCopyFilesBuildPhase;
			buildActionMask = 2147483647;
			dstPath = "";
			dstSubfolderSpec = 10;
			files = (
				1B9D41EA20D2CEA200FD84B2 /* SAPCommon.framework in Embed Frameworks */,
				1B9D41E620D2CEA200FD84B2 /* SAPFoundation.framework in Embed Frameworks */,
				1B9D41EC20D2CEA200FD84B2 /* SAPOData.framework in Embed Frameworks */,
				1B9D41E820D2CEA200FD84B2 /* SAPFioriFlows.framework in Embed Frameworks */,
				1B9D41E420D2CEA200FD84B2 /* SAPFiori.framework in Embed Frameworks */,
				1B9D41EE20D2CEA200FD84B2 /* SAPOfflineOData.framework in Embed Frameworks */,
			);
			name = "Embed Frameworks";
			runOnlyForDeploymentPostprocessing = 0;
		};
/* End PBXCopyFilesBuildPhase section */

/* Begin PBXFileReference section */
		1277F7601F8E66AC0060AF58 /* SAPLogo@2x.png */ = {isa = PBXFileReference; lastKnownFileType = image.png; path = "SAPLogo@2x.png"; sourceTree = "<group>"; };
		12E07EF11E96851800460A94 /* CollectionType.swift */ = {isa = PBXFileReference; fileEncoding = 4; lastKnownFileType = sourcecode.swift; path = CollectionType.swift; sourceTree = "<group>"; };
		12E84FDE1F4EBD460061C99E /* OnboardingManager.swift */ = {isa = PBXFileReference; lastKnownFileType = sourcecode.swift; path = OnboardingManager.swift; sourceTree = "<group>"; };
		1B5F26C020CF84E30073C63D /* EntityTypePickerDataSource.swift */ = {isa = PBXFileReference; lastKnownFileType = sourcecode.swift; path = EntityTypePickerDataSource.swift; sourceTree = "<group>"; };
		1B5F26C220CF85420073C63D /* PickableEntityType.swift */ = {isa = PBXFileReference; lastKnownFileType = sourcecode.swift; name = PickableEntityType.swift; path = Extensions/PickableEntityType.swift; sourceTree = "<group>"; };
		1B5F26C520CF85C90073C63D /* PickerDataSourceImplementations.swift */ = {isa = PBXFileReference; lastKnownFileType = sourcecode.swift; path = PickerDataSourceImplementations.swift; sourceTree = "<group>"; };
		1B5F26C920CF95CD0073C63D /* Main.storyboard */ = {isa = PBXFileReference; fileEncoding = 4; lastKnownFileType = file.storyboard; path = Main.storyboard; sourceTree = "<group>"; };
		1B5F26D120D0D17E0073C63D /* SnapshotViewController.swift */ = {isa = PBXFileReference; fileEncoding = 4; lastKnownFileType = sourcecode.swift; path = SnapshotViewController.swift; sourceTree = "<group>"; };
		1B5F26DA20D0F44A0073C63D /* CreateReportTableViewController.swift */ = {isa = PBXFileReference; lastKnownFileType = sourcecode.swift; path = CreateReportTableViewController.swift; sourceTree = "<group>"; };
		1B7283C12126A97200D26ADE /* IMG_0268.JPG */ = {isa = PBXFileReference; lastKnownFileType = image.jpeg; path = IMG_0268.JPG; sourceTree = "<group>"; };
		1B7BFD6B20F3AEBF003EB4C5 /* UITextField.swift */ = {isa = PBXFileReference; lastKnownFileType = sourcecode.swift; path = UITextField.swift; sourceTree = "<group>"; };
		1B9D41DD20D2CEA100FD84B2 /* SAPFiori.framework */ = {isa = PBXFileReference; lastKnownFileType = wrapper.framework; name = SAPFiori.framework; path = "frameworks/Release-fat/SAPFiori.framework"; sourceTree = "<group>"; };
		1B9D41DE20D2CEA100FD84B2 /* SAPFoundation.framework */ = {isa = PBXFileReference; lastKnownFileType = wrapper.framework; name = SAPFoundation.framework; path = "frameworks/Release-fat/SAPFoundation.framework"; sourceTree = "<group>"; };
		1B9D41DF20D2CEA100FD84B2 /* SAPFioriFlows.framework */ = {isa = PBXFileReference; lastKnownFileType = wrapper.framework; name = SAPFioriFlows.framework; path = "frameworks/Release-fat/SAPFioriFlows.framework"; sourceTree = "<group>"; };
		1B9D41E020D2CEA100FD84B2 /* SAPCommon.framework */ = {isa = PBXFileReference; lastKnownFileType = wrapper.framework; name = SAPCommon.framework; path = "frameworks/Release-fat/SAPCommon.framework"; sourceTree = "<group>"; };
		1B9D41E120D2CEA100FD84B2 /* SAPOData.framework */ = {isa = PBXFileReference; lastKnownFileType = wrapper.framework; name = SAPOData.framework; path = "frameworks/Release-fat/SAPOData.framework"; sourceTree = "<group>"; };
		1B9D41E220D2CEA100FD84B2 /* SAPOfflineOData.framework */ = {isa = PBXFileReference; lastKnownFileType = wrapper.framework; name = SAPOfflineOData.framework; path = "frameworks/Release-fat/SAPOfflineOData.framework"; sourceTree = "<group>"; };
		1BA1BFA420CF833C0067F0F0 /* BaseEntityTypePickerDataSource.swift */ = {isa = PBXFileReference; lastKnownFileType = sourcecode.swift; path = BaseEntityTypePickerDataSource.swift; sourceTree = "<group>"; };
		1BA1BFA620CF83C60067F0F0 /* Formatters.swift */ = {isa = PBXFileReference; fileEncoding = 4; lastKnownFileType = sourcecode.swift; path = Formatters.swift; sourceTree = "<group>"; };
		1BC0428B20CCE18D008BF50D /* ExpenseReportItemType+Extensions.swift */ = {isa = PBXFileReference; fileEncoding = 4; lastKnownFileType = sourcecode.swift; path = "ExpenseReportItemType+Extensions.swift"; sourceTree = "<group>"; };
		1BC0428C20CCE18D008BF50D /* FUIListPickerDataSource+Extensions.swift */ = {isa = PBXFileReference; fileEncoding = 4; lastKnownFileType = sourcecode.swift; path = "FUIListPickerDataSource+Extensions.swift"; sourceTree = "<group>"; };
		1BC0428D20CCE18D008BF50D /* ExpenseItemType+Extensions.swift */ = {isa = PBXFileReference; fileEncoding = 4; lastKnownFileType = sourcecode.swift; path = "ExpenseItemType+Extensions.swift"; sourceTree = "<group>"; };
		1BC0429220CCE28F008BF50D /* ExpensesTableViewController.swift */ = {isa = PBXFileReference; fileEncoding = 4; lastKnownFileType = sourcecode.swift; path = ExpensesTableViewController.swift; sourceTree = "<group>"; };
		1BC0429320CCE28F008BF50D /* EditExpenseTableViewController.swift */ = {isa = PBXFileReference; fileEncoding = 4; lastKnownFileType = sourcecode.swift; path = EditExpenseTableViewController.swift; sourceTree = "<group>"; };
		1BC0429420CCE28F008BF50D /* ExpenseDetailTableViewController.swift */ = {isa = PBXFileReference; fileEncoding = 4; lastKnownFileType = sourcecode.swift; path = ExpenseDetailTableViewController.swift; sourceTree = "<group>"; };
		1BC0429520CCE28F008BF50D /* ReportDetailsTableViewController.swift */ = {isa = PBXFileReference; fileEncoding = 4; lastKnownFileType = sourcecode.swift; path = ReportDetailsTableViewController.swift; sourceTree = "<group>"; };
		1BC0429720CCE28F008BF50D /* TripsTableViewController.swift */ = {isa = PBXFileReference; fileEncoding = 4; lastKnownFileType = sourcecode.swift; path = TripsTableViewController.swift; sourceTree = "<group>"; };
		1BC0429820CCE28F008BF50D /* FioriBaseTableViewController.swift */ = {isa = PBXFileReference; fileEncoding = 4; lastKnownFileType = sourcecode.swift; path = FioriBaseTableViewController.swift; sourceTree = "<group>"; };
		1BC0429920CCE28F008BF50D /* CreateExpenseTableViewController.swift */ = {isa = PBXFileReference; fileEncoding = 4; lastKnownFileType = sourcecode.swift; path = CreateExpenseTableViewController.swift; sourceTree = "<group>"; };
		1BC0429A20CCE290008BF50D /* ReportsTableViewController.swift */ = {isa = PBXFileReference; fileEncoding = 4; lastKnownFileType = sourcecode.swift; path = ReportsTableViewController.swift; sourceTree = "<group>"; };
		1BC042A820CCEDF6008BF50D /* DataHandler.swift */ = {isa = PBXFileReference; fileEncoding = 4; lastKnownFileType = sourcecode.swift; path = DataHandler.swift; sourceTree = "<group>"; };
		1BE3BD0C20F4ED3700051AA9 /* Palette.nss */ = {isa = PBXFileReference; lastKnownFileType = text; path = Palette.nss; sourceTree = "<group>"; };
		2B82895CB9689A78C6E95FF7 /* TravelexpenseMetadataParser.swift */ = {isa = PBXFileReference; includeInIndex = 1; lastKnownFileType = sourcecode.swift; name = TravelexpenseMetadataParser.swift; path = "Proxy Classes/com.sap.expense/internal/TravelexpenseMetadataParser.swift"; sourceTree = "<group>"; };
		3BDDDC45B59B840DAE7A3C04 /* TravelexpenseStaticResolver.swift */ = {isa = PBXFileReference; includeInIndex = 1; lastKnownFileType = sourcecode.swift; name = TravelexpenseStaticResolver.swift; path = "Proxy Classes/com.sap.expense/internal/TravelexpenseStaticResolver.swift"; sourceTree = "<group>"; };
		3C725A02B23CC11FC74C5E08 /* TravelexpenseMetadataText.swift */ = {isa = PBXFileReference; includeInIndex = 1; lastKnownFileType = sourcecode.swift; name = TravelexpenseMetadataText.swift; path = "Proxy Classes/com.sap.expense/internal/TravelexpenseMetadataText.swift"; sourceTree = "<group>"; };
		6C9CD0ED2150ED8C00FAF1D9 /* ImageHandler.swift */ = {isa = PBXFileReference; fileEncoding = 4; lastKnownFileType = sourcecode.swift; path = ImageHandler.swift; sourceTree = "<group>"; };
		6C9CD0EF2150EDBD00FAF1D9 /* ExpenseItemAttachmentType.swift */ = {isa = PBXFileReference; fileEncoding = 4; lastKnownFileType = sourcecode.swift; name = ExpenseItemAttachmentType.swift; path = "Proxy Classes/com.sap.expense/public/ExpenseItemAttachmentType.swift"; sourceTree = "<group>"; };
		7578E28D2951A6D8AFF3DF4A /* ReportStatusType.swift */ = {isa = PBXFileReference; includeInIndex = 1; lastKnownFileType = sourcecode.swift; name = ReportStatusType.swift; path = "Proxy Classes/com.sap.expense/public/ReportStatusType.swift"; sourceTree = "<group>"; };
		7A1315B51D4B982000A5DA56 /* TravelExpenses.app */ = {isa = PBXFileReference; explicitFileType = wrapper.application; includeInIndex = 0; path = TravelExpenses.app; sourceTree = BUILT_PRODUCTS_DIR; };
		7A1315B81D4B982000A5DA56 /* AppDelegate.swift */ = {isa = PBXFileReference; lastKnownFileType = sourcecode.swift; path = AppDelegate.swift; sourceTree = "<group>"; };
		7A1315C11D4B982000A5DA56 /* Assets.xcassets */ = {isa = PBXFileReference; lastKnownFileType = folder.assetcatalog; path = Assets.xcassets; sourceTree = "<group>"; };
		7A1315C41D4B982000A5DA56 /* Base */ = {isa = PBXFileReference; lastKnownFileType = file.storyboard; name = Base; path = Base.lproj/LaunchScreen.storyboard; sourceTree = "<group>"; };
		7A1315C61D4B982000A5DA56 /* Info.plist */ = {isa = PBXFileReference; lastKnownFileType = text.plist.xml; path = Info.plist; sourceTree = "<group>"; };
		7A16F06C1FD1B3C700D2FABD /* README.md */ = {isa = PBXFileReference; fileEncoding = 4; lastKnownFileType = net.daringfireball.markdown; path = README.md; sourceTree = "<group>"; };
		7A9F6FF51F3883D3000A1815 /* SAPFioriLoadingIndicator.swift */ = {isa = PBXFileReference; fileEncoding = 4; lastKnownFileType = sourcecode.swift; path = SAPFioriLoadingIndicator.swift; sourceTree = "<group>"; };
		8130C03F088017CA453AD2A2 /* ReservationType.swift */ = {isa = PBXFileReference; includeInIndex = 1; lastKnownFileType = sourcecode.swift; name = ReservationType.swift; path = "Proxy Classes/com.sap.expense/public/ReservationType.swift"; sourceTree = "<group>"; };
		83F0E89819B7E84A7A8728C1 /* TravelexpenseMetadataChanges.swift */ = {isa = PBXFileReference; includeInIndex = 1; lastKnownFileType = sourcecode.swift; name = TravelexpenseMetadataChanges.swift; path = "Proxy Classes/com.sap.expense/internal/TravelexpenseMetadataChanges.swift"; sourceTree = "<group>"; };
		869A19D1F3434AAF38A8372A /* ExpenseReportItemType.swift */ = {isa = PBXFileReference; includeInIndex = 1; lastKnownFileType = sourcecode.swift; name = ExpenseReportItemType.swift; path = "Proxy Classes/com.sap.expense/public/ExpenseReportItemType.swift"; sourceTree = "<group>"; };
		9E8A04CF78A20FB4F009327A /* ExpenseItemType.swift */ = {isa = PBXFileReference; includeInIndex = 1; lastKnownFileType = sourcecode.swift; name = ExpenseItemType.swift; path = "Proxy Classes/com.sap.expense/public/ExpenseItemType.swift"; sourceTree = "<group>"; };
		AD0B3B91B5C50A737FD4EAE1 /* ReservationItemType.swift */ = {isa = PBXFileReference; includeInIndex = 1; lastKnownFileType = sourcecode.swift; name = ReservationItemType.swift; path = "Proxy Classes/com.sap.expense/public/ReservationItemType.swift"; sourceTree = "<group>"; };
		B69D37CC93C2761E0CAB3272 /* Travelexpense.swift */ = {isa = PBXFileReference; includeInIndex = 1; lastKnownFileType = sourcecode.swift; name = Travelexpense.swift; path = "Proxy Classes/com.sap.expense/public/Travelexpense.swift"; sourceTree = "<group>"; };
		C127397D40A7C6EDF4BF4952 /* TripItemType.swift */ = {isa = PBXFileReference; includeInIndex = 1; lastKnownFileType = sourcecode.swift; name = TripItemType.swift; path = "Proxy Classes/com.sap.expense/public/TripItemType.swift"; sourceTree = "<group>"; };
		CE8F09A0CCE359165FE3BFE6 /* PaymentType.swift */ = {isa = PBXFileReference; includeInIndex = 1; lastKnownFileType = sourcecode.swift; name = PaymentType.swift; path = "Proxy Classes/com.sap.expense/public/PaymentType.swift"; sourceTree = "<group>"; };
		D80DFA28E2B68D2584F87150 /* CurrencyType.swift */ = {isa = PBXFileReference; includeInIndex = 1; lastKnownFileType = sourcecode.swift; name = CurrencyType.swift; path = "Proxy Classes/com.sap.expense/public/CurrencyType.swift"; sourceTree = "<group>"; };
		E49380AAB313739E1C7F880B /* TravelexpenseMetadata.swift */ = {isa = PBXFileReference; includeInIndex = 1; lastKnownFileType = sourcecode.swift; name = TravelexpenseMetadata.swift; path = "Proxy Classes/com.sap.expense/public/TravelexpenseMetadata.swift"; sourceTree = "<group>"; };
		E513FE41D8B0CBE362550A1B /* TravelexpenseFactory.swift */ = {isa = PBXFileReference; includeInIndex = 1; lastKnownFileType = sourcecode.swift; name = TravelexpenseFactory.swift; path = "Proxy Classes/com.sap.expense/internal/TravelexpenseFactory.swift"; sourceTree = "<group>"; };
		FA1EB4170B4F5FC835970650 /* ExpenseType.swift */ = {isa = PBXFileReference; includeInIndex = 1; lastKnownFileType = sourcecode.swift; name = ExpenseType.swift; path = "Proxy Classes/com.sap.expense/public/ExpenseType.swift"; sourceTree = "<group>"; };
/* End PBXFileReference section */

/* Begin PBXFrameworksBuildPhase section */
		7A1315B21D4B982000A5DA56 /* Frameworks */ = {
			isa = PBXFrameworksBuildPhase;
			buildActionMask = 2147483647;
			files = (
				1B9D41E920D2CEA200FD84B2 /* SAPCommon.framework in Frameworks */,
				1B9D41E520D2CEA200FD84B2 /* SAPFoundation.framework in Frameworks */,
				1B9D41EB20D2CEA200FD84B2 /* SAPOData.framework in Frameworks */,
				1B9D41E720D2CEA200FD84B2 /* SAPFioriFlows.framework in Frameworks */,
				1B9D41E320D2CEA200FD84B2 /* SAPFiori.framework in Frameworks */,
				1B9D41ED20D2CEA200FD84B2 /* SAPOfflineOData.framework in Frameworks */,
			);
			runOnlyForDeploymentPostprocessing = 0;
		};
/* End PBXFrameworksBuildPhase section */

/* Begin PBXGroup section */
		12D066CB1F4DDAE40075EBA4 /* Onboarding */ = {
			isa = PBXGroup;
			children = (
				1B5F26D120D0D17E0073C63D /* SnapshotViewController.swift */,
				12E84FDE1F4EBD460061C99E /* OnboardingManager.swift */,
			);
			name = Onboarding;
			sourceTree = "<group>";
		};
		1B5F26C420CF85A40073C63D /* PickerDataSources */ = {
			isa = PBXGroup;
			children = (
				1B5F26C220CF85420073C63D /* PickableEntityType.swift */,
				1B5F26C020CF84E30073C63D /* EntityTypePickerDataSource.swift */,
				1BA1BFA420CF833C0067F0F0 /* BaseEntityTypePickerDataSource.swift */,
				1B5F26C520CF85C90073C63D /* PickerDataSourceImplementations.swift */,
			);
			name = PickerDataSources;
			sourceTree = "<group>";
		};
		1B5F26CE20D096130073C63D /* iOS Types */ = {
			isa = PBXGroup;
			children = (
				1BA1BFA620CF83C60067F0F0 /* Formatters.swift */,
				1B7BFD6B20F3AEBF003EB4C5 /* UITextField.swift */,
			);
			name = "iOS Types";
			sourceTree = "<group>";
		};
		1B5F26CF20D096200073C63D /* Model Types */ = {
			isa = PBXGroup;
			children = (
				1BC0428B20CCE18D008BF50D /* ExpenseReportItemType+Extensions.swift */,
				1BC0428D20CCE18D008BF50D /* ExpenseItemType+Extensions.swift */,
			);
			name = "Model Types";
			sourceTree = "<group>";
		};
		1B5F26D020D096810073C63D /* Fiori Types */ = {
			isa = PBXGroup;
			children = (
				1BC0428C20CCE18D008BF50D /* FUIListPickerDataSource+Extensions.swift */,
			);
			name = "Fiori Types";
			sourceTree = "<group>";
		};
		1B5F26D320D0D5AA0073C63D /* Base */ = {
			isa = PBXGroup;
			children = (
				1BC0429820CCE28F008BF50D /* FioriBaseTableViewController.swift */,
			);
			name = Base;
			sourceTree = "<group>";
		};
		1B5F26D420D0D5BC0073C63D /* Screens */ = {
			isa = PBXGroup;
			children = (
				1B5F26D520D0D5DF0073C63D /* Report */,
				1B5F26D620D0D5E50073C63D /* Trip */,
				1B5F26D720D0D5EB0073C63D /* Expense */,
			);
			name = Screens;
			sourceTree = "<group>";
		};
		1B5F26D520D0D5DF0073C63D /* Report */ = {
			isa = PBXGroup;
			children = (
				1BC0429A20CCE290008BF50D /* ReportsTableViewController.swift */,
				1BC0429520CCE28F008BF50D /* ReportDetailsTableViewController.swift */,
				1B5F26DA20D0F44A0073C63D /* CreateReportTableViewController.swift */,
			);
			name = Report;
			sourceTree = "<group>";
		};
		1B5F26D620D0D5E50073C63D /* Trip */ = {
			isa = PBXGroup;
			children = (
				1BC0429720CCE28F008BF50D /* TripsTableViewController.swift */,
			);
			name = Trip;
			sourceTree = "<group>";
		};
		1B5F26D720D0D5EB0073C63D /* Expense */ = {
			isa = PBXGroup;
			children = (
				1BC0429220CCE28F008BF50D /* ExpensesTableViewController.swift */,
				1BC0429420CCE28F008BF50D /* ExpenseDetailTableViewController.swift */,
				1BC0429920CCE28F008BF50D /* CreateExpenseTableViewController.swift */,
				1BC0429320CCE28F008BF50D /* EditExpenseTableViewController.swift */,
			);
			name = Expense;
			sourceTree = "<group>";
		};
		1BC0428A20CCE18D008BF50D /* Extensions */ = {
			isa = PBXGroup;
			children = (
				1B5F26D020D096810073C63D /* Fiori Types */,
				1B5F26CF20D096200073C63D /* Model Types */,
				1B5F26CE20D096130073C63D /* iOS Types */,
			);
			path = Extensions;
			sourceTree = "<group>";
		};
		1BC0429120CCE27E008BF50D /* ViewControllers */ = {
			isa = PBXGroup;
			children = (
				1B5F26D320D0D5AA0073C63D /* Base */,
				1B5F26D420D0D5BC0073C63D /* Screens */,
			);
			path = ViewControllers;
			sourceTree = "<group>";
		};
		434176B7875BC8B48917165E /* internal */ = {
			isa = PBXGroup;
			children = (
				E513FE41D8B0CBE362550A1B /* TravelexpenseFactory.swift */,
				2B82895CB9689A78C6E95FF7 /* TravelexpenseMetadataParser.swift */,
				3C725A02B23CC11FC74C5E08 /* TravelexpenseMetadataText.swift */,
				83F0E89819B7E84A7A8728C1 /* TravelexpenseMetadataChanges.swift */,
				3BDDDC45B59B840DAE7A3C04 /* TravelexpenseStaticResolver.swift */,
			);
			name = internal;
			sourceTree = "<group>";
		};
		7532C1BB1D5B6917004B03AF /* Model */ = {
			isa = PBXGroup;
			children = (
				12E07EF11E96851800460A94 /* CollectionType.swift */,
			);
			name = Model;
			sourceTree = "<group>";
		};
		755C10B41D5C63B000ECF6A2 /* Utils */ = {
			isa = PBXGroup;
			children = (
				6C9CD0ED2150ED8C00FAF1D9 /* ImageHandler.swift */,
				1BC042A820CCEDF6008BF50D /* DataHandler.swift */,
				7A9F6FF51F3883D3000A1815 /* SAPFioriLoadingIndicator.swift */,
				1BC0428A20CCE18D008BF50D /* Extensions */,
				1B5F26C420CF85A40073C63D /* PickerDataSources */,
			);
			path = Utils;
			sourceTree = "<group>";
		};
		75D373EF1DD1FB0800888D4C /* Proxy Classes */ = {
			isa = PBXGroup;
			children = (
				434176B7875BC8B48917165E /* internal */,
				F976F42625C10C43C61C03D3 /* public */,
			);
			name = "Proxy Classes";
			sourceTree = "<group>";
		};
		7A1315AC1D4B982000A5DA56 = {
			isa = PBXGroup;
			children = (
				1B9D41E020D2CEA100FD84B2 /* SAPCommon.framework */,
				1B9D41DD20D2CEA100FD84B2 /* SAPFiori.framework */,
				1B9D41DF20D2CEA100FD84B2 /* SAPFioriFlows.framework */,
				1B9D41DE20D2CEA100FD84B2 /* SAPFoundation.framework */,
				1B9D41E120D2CEA100FD84B2 /* SAPOData.framework */,
				1B9D41E220D2CEA100FD84B2 /* SAPOfflineOData.framework */,
				7A16F06C1FD1B3C700D2FABD /* README.md */,
				7A1315B71D4B982000A5DA56 /* TravelExpenses */,
				7A1315B61D4B982000A5DA56 /* Products */,
				7A1315CC1D4B990B00A5DA56 /* Frameworks */,
			);
			sourceTree = "<group>";
		};
		7A1315B61D4B982000A5DA56 /* Products */ = {
			isa = PBXGroup;
			children = (
				7A1315B51D4B982000A5DA56 /* TravelExpenses.app */,
			);
			name = Products;
			sourceTree = "<group>";
		};
		7A1315B71D4B982000A5DA56 /* TravelExpenses */ = {
			isa = PBXGroup;
			children = (
				1BC0429120CCE27E008BF50D /* ViewControllers */,
				12D066CB1F4DDAE40075EBA4 /* Onboarding */,
				7532C1BB1D5B6917004B03AF /* Model */,
				75D373EF1DD1FB0800888D4C /* Proxy Classes */,
				755C10B41D5C63B000ECF6A2 /* Utils */,
				7A1315B81D4B982000A5DA56 /* AppDelegate.swift */,
				7A1315C11D4B982000A5DA56 /* Assets.xcassets */,
				1B5F26C920CF95CD0073C63D /* Main.storyboard */,
				7A1315C31D4B982000A5DA56 /* LaunchScreen.storyboard */,
				1B7283C12126A97200D26ADE /* IMG_0268.JPG */,
				1277F7601F8E66AC0060AF58 /* SAPLogo@2x.png */,
				7A1315C61D4B982000A5DA56 /* Info.plist */,
				1BE3BD0C20F4ED3700051AA9 /* Palette.nss */,
			);
			path = TravelExpenses;
			sourceTree = "<group>";
		};
		7A1315CC1D4B990B00A5DA56 /* Frameworks */ = {
			isa = PBXGroup;
			children = (
			);
			name = Frameworks;
			sourceTree = "<group>";
		};
		F976F42625C10C43C61C03D3 /* public */ = {
			isa = PBXGroup;
			children = (
				6C9CD0EF2150EDBD00FAF1D9 /* ExpenseItemAttachmentType.swift */,
				CE8F09A0CCE359165FE3BFE6 /* PaymentType.swift */,
				AD0B3B91B5C50A737FD4EAE1 /* ReservationItemType.swift */,
				E49380AAB313739E1C7F880B /* TravelexpenseMetadata.swift */,
				8130C03F088017CA453AD2A2 /* ReservationType.swift */,
				7578E28D2951A6D8AFF3DF4A /* ReportStatusType.swift */,
				D80DFA28E2B68D2584F87150 /* CurrencyType.swift */,
				869A19D1F3434AAF38A8372A /* ExpenseReportItemType.swift */,
				B69D37CC93C2761E0CAB3272 /* Travelexpense.swift */,
				9E8A04CF78A20FB4F009327A /* ExpenseItemType.swift */,
				C127397D40A7C6EDF4BF4952 /* TripItemType.swift */,
				FA1EB4170B4F5FC835970650 /* ExpenseType.swift */,
			);
			name = public;
			sourceTree = "<group>";
		};
/* End PBXGroup section */

/* Begin PBXNativeTarget section */
		7A1315B41D4B982000A5DA56 /* TravelExpenses */ = {
			isa = PBXNativeTarget;
			buildConfigurationList = 7A1315C91D4B982000A5DA56 /* Build configuration list for PBXNativeTarget "TravelExpenses" */;
			buildPhases = (
				7A1315B11D4B982000A5DA56 /* Sources */,
				7A1315B21D4B982000A5DA56 /* Frameworks */,
				7A1315B31D4B982000A5DA56 /* Resources */,
				1B50E80E20D234FD00F54209 /* ShellScript */,
				1B9D41EF20D2CEA200FD84B2 /* Embed Frameworks */,
			);
			buildRules = (
			);
			dependencies = (
			);
			name = TravelExpenses;
			productName = TravelExpenses;
			productReference = 7A1315B51D4B982000A5DA56 /* TravelExpenses.app */;
			productType = "com.apple.product-type.application";
		};
/* End PBXNativeTarget section */

/* Begin PBXProject section */
		7A1315AD1D4B982000A5DA56 /* Project object */ = {
			isa = PBXProject;
			attributes = {
				LastSwiftUpdateCheck = 0800;
				LastUpgradeCheck = 0900;
				ORGANIZATIONNAME = SAP;
				TargetAttributes = {
					7A1315B41D4B982000A5DA56 = {
						CreatedOnToolsVersion = 8.0;
						DevelopmentTeam = J25PF2MPLA;
						LastSwiftMigration = 0900;
						ProvisioningStyle = Automatic;
					};
				};
			};
			buildConfigurationList = 7A1315B01D4B982000A5DA56 /* Build configuration list for PBXProject "TravelExpenses" */;
			compatibilityVersion = "Xcode 3.2";
			developmentRegion = English;
			hasScannedForEncodings = 0;
			knownRegions = (
				en,
				Base,
			);
			mainGroup = 7A1315AC1D4B982000A5DA56;
			productRefGroup = 7A1315B61D4B982000A5DA56 /* Products */;
			projectDirPath = "";
			projectRoot = "";
			targets = (
				7A1315B41D4B982000A5DA56 /* TravelExpenses */,
			);
		};
/* End PBXProject section */

/* Begin PBXResourcesBuildPhase section */
		7A1315B31D4B982000A5DA56 /* Resources */ = {
			isa = PBXResourcesBuildPhase;
			buildActionMask = 2147483647;
			files = (
				7A16F06D1FD1B3C700D2FABD /* README.md in Resources */,
				7A1315C51D4B982000A5DA56 /* LaunchScreen.storyboard in Resources */,
				1B7283C22126A97200D26ADE /* IMG_0268.JPG in Resources */,
				7A1315C21D4B982000A5DA56 /* Assets.xcassets in Resources */,
				1277F7611F8E66AF0060AF58 /* SAPLogo@2x.png in Resources */,
				1BE3BD0D20F4ED3700051AA9 /* Palette.nss in Resources */,
				1B5F26CA20CF95CD0073C63D /* Main.storyboard in Resources */,
			);
			runOnlyForDeploymentPostprocessing = 0;
		};
/* End PBXResourcesBuildPhase section */

/* Begin PBXShellScriptBuildPhase section */
		1B50E80E20D234FD00F54209 /* ShellScript */ = {
			isa = PBXShellScriptBuildPhase;
			buildActionMask = 2147483647;
			files = (
			);
			inputPaths = (
			);
			outputPaths = (
			);
			runOnlyForDeploymentPostprocessing = 0;
			shellPath = /bin/sh;
			shellScript = "set -e\n\nif [ $EFFECTIVE_PLATFORM_NAME  = '-iphonesimulator' ]\nthen\nMY_TARGET_DIR=$TARGET_BUILD_DIR/$FRAMEWORKS_FOLDER_PATH\nMY_SOURCE_DIR=$PROJECT_DIR/frameworks/Release$EFFECTIVE_PLATFORM_NAME\necho $MY_SOURCE_DIR\necho $MY_TARGET_DIR\ncp -R $MY_SOURCE_DIR/ $MY_TARGET_DIR/\nelse\necho \"Not simulator, no need to copy\"\nfi\n";
		};
/* End PBXShellScriptBuildPhase section */

/* Begin PBXSourcesBuildPhase section */
		7A1315B11D4B982000A5DA56 /* Sources */ = {
			isa = PBXSourcesBuildPhase;
			buildActionMask = 2147483647;
			files = (
				12E84FE51F4ECF220061C99E /* OnboardingManager.swift in Sources */,
				7A9F6FF61F3883D3000A1815 /* SAPFioriLoadingIndicator.swift in Sources */,
				12E07EF21E96851800460A94 /* CollectionType.swift in Sources */,
				1BC0429D20CCE290008BF50D /* ExpenseDetailTableViewController.swift in Sources */,
				7A1315B91D4B982000A5DA56 /* AppDelegate.swift in Sources */,
				1BC042A120CCE290008BF50D /* FioriBaseTableViewController.swift in Sources */,
				1BC0428E20CCE18D008BF50D /* ExpenseReportItemType+Extensions.swift in Sources */,
				687E3150709C9A7729BA425B /* TravelexpenseFactory.swift in Sources */,
				374A059D97E1D6599D4BEEEC /* TravelexpenseMetadataParser.swift in Sources */,
				47417C53AAE29967B55684A6 /* TravelexpenseMetadataText.swift in Sources */,
				25D82E417FAE59DC7E2D3409 /* TravelexpenseMetadataChanges.swift in Sources */,
				1B7BFD6C20F3AEBF003EB4C5 /* UITextField.swift in Sources */,
				9F05F5DCB5951707AB05A08C /* TravelexpenseStaticResolver.swift in Sources */,
				A0371CF9C391016F87420544 /* PaymentType.swift in Sources */,
				D1C15A4E56473D7E033ACB43 /* ReservationItemType.swift in Sources */,
				AF78026930AD2C21D34BD3A1 /* TravelexpenseMetadata.swift in Sources */,
				F65F42096B9E48596EB9E16F /* ReservationType.swift in Sources */,
				A0597DD7F3A7EAE1C15C7382 /* ReportStatusType.swift in Sources */,
				1BC042A320CCE290008BF50D /* ReportsTableViewController.swift in Sources */,
				6C9CD0EE2150ED8C00FAF1D9 /* ImageHandler.swift in Sources */,
				1BC042A220CCE290008BF50D /* CreateExpenseTableViewController.swift in Sources */,
				1BC0429C20CCE290008BF50D /* EditExpenseTableViewController.swift in Sources */,
				A7AC537B7D3C78D3594EB2C8 /* CurrencyType.swift in Sources */,
				1BC042A020CCE290008BF50D /* TripsTableViewController.swift in Sources */,
				0D7CAD6651744934BB8C6B37 /* ExpenseReportItemType.swift in Sources */,
				8B04F1EAF531B0D1F3A65B50 /* Travelexpense.swift in Sources */,
				DDA3F7855166C57322E1A76B /* ExpenseItemType.swift in Sources */,
				1B5F26C320CF85420073C63D /* PickableEntityType.swift in Sources */,
				6C9CD0F02150EDBD00FAF1D9 /* ExpenseItemAttachmentType.swift in Sources */,
				0AD88E5C943B5903B85D2395 /* TripItemType.swift in Sources */,
				666D56B2714F06BEFC64FC8B /* ExpenseType.swift in Sources */,
				1BC0429E20CCE290008BF50D /* ReportDetailsTableViewController.swift in Sources */,
				1BC042A920CCEDF6008BF50D /* DataHandler.swift in Sources */,
				1BC0429B20CCE290008BF50D /* ExpensesTableViewController.swift in Sources */,
				1B5F26DB20D0F44A0073C63D /* CreateReportTableViewController.swift in Sources */,
				1B5F26C620CF85C90073C63D /* PickerDataSourceImplementations.swift in Sources */,
				1B5F26C120CF84E30073C63D /* EntityTypePickerDataSource.swift in Sources */,
				1BC0429020CCE18D008BF50D /* ExpenseItemType+Extensions.swift in Sources */,
				1B5F26D220D0D17E0073C63D /* SnapshotViewController.swift in Sources */,
				1BA1BFA520CF833C0067F0F0 /* BaseEntityTypePickerDataSource.swift in Sources */,
				1BA1BFA720CF83C60067F0F0 /* Formatters.swift in Sources */,
				1BC0428F20CCE18D008BF50D /* FUIListPickerDataSource+Extensions.swift in Sources */,
			);
			runOnlyForDeploymentPostprocessing = 0;
		};
/* End PBXSourcesBuildPhase section */

/* Begin PBXVariantGroup section */
		7A1315C31D4B982000A5DA56 /* LaunchScreen.storyboard */ = {
			isa = PBXVariantGroup;
			children = (
				7A1315C41D4B982000A5DA56 /* Base */,
			);
			name = LaunchScreen.storyboard;
			sourceTree = "<group>";
		};
/* End PBXVariantGroup section */

/* Begin XCBuildConfiguration section */
		7A1315C71D4B982000A5DA56 /* Debug */ = {
			isa = XCBuildConfiguration;
			buildSettings = {
				ALWAYS_SEARCH_USER_PATHS = NO;
				CLANG_ANALYZER_NONNULL = YES;
				CLANG_CXX_LANGUAGE_STANDARD = "gnu++0x";
				CLANG_CXX_LIBRARY = "libc++";
				CLANG_ENABLE_MODULES = YES;
				CLANG_ENABLE_OBJC_ARC = YES;
				CLANG_WARN_BLOCK_CAPTURE_AUTORELEASING = YES;
				CLANG_WARN_BOOL_CONVERSION = YES;
				CLANG_WARN_COMMA = YES;
				CLANG_WARN_CONSTANT_CONVERSION = YES;
				CLANG_WARN_DEPRECATED_OBJC_IMPLEMENTATIONS = YES;
				CLANG_WARN_DIRECT_OBJC_ISA_USAGE = YES_ERROR;
				CLANG_WARN_DOCUMENTATION_COMMENTS = YES;
				CLANG_WARN_EMPTY_BODY = YES;
				CLANG_WARN_ENUM_CONVERSION = YES;
				CLANG_WARN_INFINITE_RECURSION = YES;
				CLANG_WARN_INT_CONVERSION = YES;
				CLANG_WARN_NON_LITERAL_NULL_CONVERSION = YES;
				CLANG_WARN_OBJC_IMPLICIT_RETAIN_SELF = YES;
				CLANG_WARN_OBJC_LITERAL_CONVERSION = YES;
				CLANG_WARN_OBJC_ROOT_CLASS = YES_ERROR;
				CLANG_WARN_RANGE_LOOP_ANALYSIS = YES;
				CLANG_WARN_STRICT_PROTOTYPES = YES;
				CLANG_WARN_SUSPICIOUS_MOVE = YES;
				CLANG_WARN_UNREACHABLE_CODE = YES;
				CLANG_WARN__DUPLICATE_METHOD_MATCH = YES;
				"CODE_SIGN_IDENTITY[sdk=iphoneos*]" = "iPhone Developer";
				COPY_PHASE_STRIP = NO;
				DEBUG_INFORMATION_FORMAT = dwarf;
				ENABLE_STRICT_OBJC_MSGSEND = YES;
				ENABLE_TESTABILITY = YES;
				GCC_C_LANGUAGE_STANDARD = gnu99;
				GCC_DYNAMIC_NO_PIC = NO;
				GCC_NO_COMMON_BLOCKS = YES;
				GCC_OPTIMIZATION_LEVEL = 0;
				GCC_PREPROCESSOR_DEFINITIONS = (
					"DEBUG=1",
					"$(inherited)",
				);
				GCC_WARN_64_TO_32_BIT_CONVERSION = YES;
				GCC_WARN_ABOUT_RETURN_TYPE = YES_ERROR;
				GCC_WARN_UNDECLARED_SELECTOR = YES;
				GCC_WARN_UNINITIALIZED_AUTOS = YES_AGGRESSIVE;
				GCC_WARN_UNUSED_FUNCTION = YES;
				GCC_WARN_UNUSED_VARIABLE = YES;
				IPHONEOS_DEPLOYMENT_TARGET = 10.3;
				LD_RUNPATH_SEARCH_PATHS = "@executable_path/Frameworks";
				MTL_ENABLE_DEBUG_INFO = YES;
				ONLY_ACTIVE_ARCH = YES;
				SDKROOT = iphoneos;
				SWIFT_ACTIVE_COMPILATION_CONDITIONS = DEBUG;
				SWIFT_OPTIMIZATION_LEVEL = "-Onone";
				SWIFT_VERSION = 4.0;
				TARGETED_DEVICE_FAMILY = "1,2";
			};
			name = Debug;
		};
		7A1315C81D4B982000A5DA56 /* Release */ = {
			isa = XCBuildConfiguration;
			buildSettings = {
				ALWAYS_SEARCH_USER_PATHS = NO;
				CLANG_ANALYZER_NONNULL = YES;
				CLANG_CXX_LANGUAGE_STANDARD = "gnu++0x";
				CLANG_CXX_LIBRARY = "libc++";
				CLANG_ENABLE_MODULES = YES;
				CLANG_ENABLE_OBJC_ARC = YES;
				CLANG_WARN_BLOCK_CAPTURE_AUTORELEASING = YES;
				CLANG_WARN_BOOL_CONVERSION = YES;
				CLANG_WARN_COMMA = YES;
				CLANG_WARN_CONSTANT_CONVERSION = YES;
				CLANG_WARN_DEPRECATED_OBJC_IMPLEMENTATIONS = YES;
				CLANG_WARN_DIRECT_OBJC_ISA_USAGE = YES_ERROR;
				CLANG_WARN_DOCUMENTATION_COMMENTS = YES;
				CLANG_WARN_EMPTY_BODY = YES;
				CLANG_WARN_ENUM_CONVERSION = YES;
				CLANG_WARN_INFINITE_RECURSION = YES;
				CLANG_WARN_INT_CONVERSION = YES;
				CLANG_WARN_NON_LITERAL_NULL_CONVERSION = YES;
				CLANG_WARN_OBJC_IMPLICIT_RETAIN_SELF = YES;
				CLANG_WARN_OBJC_LITERAL_CONVERSION = YES;
				CLANG_WARN_OBJC_ROOT_CLASS = YES_ERROR;
				CLANG_WARN_RANGE_LOOP_ANALYSIS = YES;
				CLANG_WARN_STRICT_PROTOTYPES = YES;
				CLANG_WARN_SUSPICIOUS_MOVE = YES;
				CLANG_WARN_UNREACHABLE_CODE = YES;
				CLANG_WARN__DUPLICATE_METHOD_MATCH = YES;
				"CODE_SIGN_IDENTITY[sdk=iphoneos*]" = "iPhone Developer";
				COPY_PHASE_STRIP = NO;
				DEBUG_INFORMATION_FORMAT = "dwarf-with-dsym";
				ENABLE_NS_ASSERTIONS = NO;
				ENABLE_STRICT_OBJC_MSGSEND = YES;
				GCC_C_LANGUAGE_STANDARD = gnu99;
				GCC_NO_COMMON_BLOCKS = YES;
				GCC_WARN_64_TO_32_BIT_CONVERSION = YES;
				GCC_WARN_ABOUT_RETURN_TYPE = YES_ERROR;
				GCC_WARN_UNDECLARED_SELECTOR = YES;
				GCC_WARN_UNINITIALIZED_AUTOS = YES_AGGRESSIVE;
				GCC_WARN_UNUSED_FUNCTION = YES;
				GCC_WARN_UNUSED_VARIABLE = YES;
				IPHONEOS_DEPLOYMENT_TARGET = 10.3;
				LD_RUNPATH_SEARCH_PATHS = "@executable_path/Frameworks";
				MTL_ENABLE_DEBUG_INFO = NO;
				SDKROOT = iphoneos;
				SWIFT_OPTIMIZATION_LEVEL = "-Owholemodule";
				SWIFT_VERSION = 4.0;
				TARGETED_DEVICE_FAMILY = "1,2";
				VALIDATE_PRODUCT = YES;
			};
			name = Release;
		};
		7A1315CA1D4B982000A5DA56 /* Debug */ = {
			isa = XCBuildConfiguration;
			buildSettings = {
				ASSETCATALOG_COMPILER_APPICON_NAME = AppIcon;
				CODE_SIGN_ENTITLEMENTS = "";
				CODE_SIGN_IDENTITY = "iPhone Developer";
				DEVELOPMENT_TEAM = J25PF2MPLA;
				EMBED_ASSET_PACKS_IN_PRODUCT_BUNDLE = NO;
				ENABLE_BITCODE = NO;
				FRAMEWORK_SEARCH_PATHS = (
					"$(inherited)",
					"\"$(SRCROOT)/frameworks/Release$EFFECTIVE_PLATFORM_NAME\"",
				);
				INFOPLIST_FILE = TravelExpenses/Info.plist;
				IPHONEOS_DEPLOYMENT_TARGET = 11.3;
				LD_RUNPATH_SEARCH_PATHS = "$(inherited) @executable_path/Frameworks";
				PRODUCT_BUNDLE_IDENTIFIER = com.i826182.travelexpenses;
				PRODUCT_NAME = "$(TARGET_NAME)";
				SWIFT_SWIFT3_OBJC_INFERENCE = Default;
				SWIFT_VERSION = 4.0;
			};
			name = Debug;
		};
		7A1315CB1D4B982000A5DA56 /* Release */ = {
			isa = XCBuildConfiguration;
			buildSettings = {
				ASSETCATALOG_COMPILER_APPICON_NAME = AppIcon;
				CODE_SIGN_ENTITLEMENTS = "";
				CODE_SIGN_IDENTITY = "iPhone Developer";
				DEVELOPMENT_TEAM = J25PF2MPLA;
				EMBED_ASSET_PACKS_IN_PRODUCT_BUNDLE = NO;
				ENABLE_BITCODE = NO;
				FRAMEWORK_SEARCH_PATHS = (
					"$(inherited)",
					"\"$(SRCROOT)/frameworks/Release$EFFECTIVE_PLATFORM_NAME\"",
				);
				INFOPLIST_FILE = TravelExpenses/Info.plist;
				IPHONEOS_DEPLOYMENT_TARGET = 11.3;
				LD_RUNPATH_SEARCH_PATHS = "$(inherited) @executable_path/Frameworks";
				PRODUCT_BUNDLE_IDENTIFIER = com.i826182.travelexpenses;
				PRODUCT_NAME = "$(TARGET_NAME)";
				SWIFT_SWIFT3_OBJC_INFERENCE = Default;
				SWIFT_VERSION = 4.0;
			};
			name = Release;
		};
/* End XCBuildConfiguration section */

/* Begin XCConfigurationList section */
		7A1315B01D4B982000A5DA56 /* Build configuration list for PBXProject "TravelExpenses" */ = {
			isa = XCConfigurationList;
			buildConfigurations = (
				7A1315C71D4B982000A5DA56 /* Debug */,
				7A1315C81D4B982000A5DA56 /* Release */,
			);
			defaultConfigurationIsVisible = 0;
			defaultConfigurationName = Release;
		};
		7A1315C91D4B982000A5DA56 /* Build configuration list for PBXNativeTarget "TravelExpenses" */ = {
			isa = XCConfigurationList;
			buildConfigurations = (
				7A1315CA1D4B982000A5DA56 /* Debug */,
				7A1315CB1D4B982000A5DA56 /* Release */,
			);
			defaultConfigurationIsVisible = 0;
			defaultConfigurationName = Release;
		};
/* End XCConfigurationList section */
	};
	rootObject = 7A1315AD1D4B982000A5DA56 /* Project object */;
}
